
Microsoft Visual Studio Solution File, Format Version 12.00
# Visual Studio Version 16
VisualStudioVersion = 16.0.31613.86
MinimumVisualStudioVersion = 10.0.40219.1
Project("{9A19103F-16F7-4668-BE54-9A1E7A4F7556}") = "Gardient.ConsoleUtils.AppConsole", "Gardient.ConsoleUtils.AppConsole\Gardient.ConsoleUtils.AppConsole.csproj", "{37641559-3E61-4C74-B75C-1F7DB59ECE24}"
EndProject
Project("{9A19103F-16F7-4668-BE54-9A1E7A4F7556}") = "Gardient.ConsoleUtils.Inquire", "Gardient.ConsoleUtils.Inquire\Gardient.ConsoleUtils.Inquire.csproj", "{507096AD-F580-499F-9B70-66E1653682C9}"
EndProject
Project("{9A19103F-16F7-4668-BE54-9A1E7A4F7556}") = "Gardient.ConsoleUtils.Inquire.Question", "Gardient.ConsoleUtils.Inquire.Question\Gardient.ConsoleUtils.Inquire.Question.csproj", "{E35393BC-D160-406F-B68E-6DDBEAC943E4}"
EndProject
Project("{2150E333-8FDC-42A3-9474-1A3956D46DE8}") = "Solution Items", "Solution Items", "{1001DD7C-4765-4B5D-9DBD-9FAD4908D980}"
	ProjectSection(SolutionItems) = preProject
		.editorconfig = .editorconfig
		LICENSE = LICENSE
		readme.md = readme.md
	EndProjectSection
EndProject
Project("{9A19103F-16F7-4668-BE54-9A1E7A4F7556}") = "Gardient.ConsoleUtils.Inquire.Question.Demo", "Gardient.ConsoleUtils.Inquire.Question.Demo\Gardient.ConsoleUtils.Inquire.Question.Demo.csproj", "{3AAC2C06-C779-4B7C-B771-7E21CBD81A55}"
EndProject
Project("{FAE04EC0-301F-11D3-BF4B-00C04F79EFBC}") = "Gardient.ConsoleUtils.Inquire.Demo", "Gardient.ConsoleUtils.Inquire.Demo\Gardient.ConsoleUtils.Inquire.Demo.csproj", "{74334B85-D656-40AA-BB12-C6FF4FC31C60}"
EndProject
Global
	GlobalSection(SolutionConfigurationPlatforms) = preSolution
		Debug|Any CPU = Debug|Any CPU
		Release|Any CPU = Release|Any CPU
	EndGlobalSection
	GlobalSection(ProjectConfigurationPlatforms) = postSolution
		{37641559-3E61-4C74-B75C-1F7DB59ECE24}.Debug|Any CPU.ActiveCfg = Debug|Any CPU
		{37641559-3E61-4C74-B75C-1F7DB59ECE24}.Debug|Any CPU.Build.0 = Debug|Any CPU
		{37641559-3E61-4C74-B75C-1F7DB59ECE24}.Release|Any CPU.ActiveCfg = Release|Any CPU
		{37641559-3E61-4C74-B75C-1F7DB59ECE24}.Release|Any CPU.Build.0 = Release|Any CPU
		{507096AD-F580-499F-9B70-66E1653682C9}.Debug|Any CPU.ActiveCfg = Debug|Any CPU
		{507096AD-F580-499F-9B70-66E1653682C9}.Debug|Any CPU.Build.0 = Debug|Any CPU
		{507096AD-F580-499F-9B70-66E1653682C9}.Release|Any CPU.ActiveCfg = Release|Any CPU
		{507096AD-F580-499F-9B70-66E1653682C9}.Release|Any CPU.Build.0 = Release|Any CPU
		{E35393BC-D160-406F-B68E-6DDBEAC943E4}.Debug|Any CPU.ActiveCfg = Debug|Any CPU
		{E35393BC-D160-406F-B68E-6DDBEAC943E4}.Debug|Any CPU.Build.0 = Debug|Any CPU
		{E35393BC-D160-406F-B68E-6DDBEAC943E4}.Release|Any CPU.ActiveCfg = Release|Any CPU
		{E35393BC-D160-406F-B68E-6DDBEAC943E4}.Release|Any CPU.Build.0 = Release|Any CPU
		{3AAC2C06-C779-4B7C-B771-7E21CBD81A55}.Debug|Any CPU.ActiveCfg = Debug|Any CPU
		{3AAC2C06-C779-4B7C-B771-7E21CBD81A55}.Debug|Any CPU.Build.0 = Debug|Any CPU
		{3AAC2C06-C779-4B7C-B771-7E21CBD81A55}.Release|Any CPU.ActiveCfg = Release|Any CPU
		{3AAC2C06-C779-4B7C-B771-7E21CBD81A55}.Release|Any CPU.Build.0 = Release|Any CPU
		{74334B85-D656-40AA-BB12-C6FF4FC31C60}.Debug|Any CPU.ActiveCfg = Debug|Any CPU
		{74334B85-D656-40AA-BB12-C6FF4FC31C60}.Debug|Any CPU.Build.0 = Debug|Any CPU
		{74334B85-D656-40AA-BB12-C6FF4FC31C60}.Release|Any CPU.ActiveCfg = Release|Any CPU
		{74334B85-D656-40AA-BB12-C6FF4FC31C60}.Release|Any CPU.Build.0 = Release|Any CPU
	EndGlobalSection
	GlobalSection(SolutionProperties) = preSolution
		HideSolutionNode = FALSE
	EndGlobalSection
	GlobalSection(ExtensibilityGlobals) = postSolution
		SolutionGuid = {D4A31B85-7020-4DB0-9E93-BA9A9ED237F0}
	EndGlobalSection
EndGlobal
