
Microsoft Visual Studio Solution File, Format Version 12.00
# Visual Studio Version 16
VisualStudioVersion = 16.0.31613.86
MinimumVisualStudioVersion = 10.0.40219.1
Project("{9A19103F-16F7-4668-BE54-9A1E7A4F7556}") = "Gardient.ConsoleUtils.AppConsole", "Gardient.ConsoleUtils.AppConsole\Gardient.ConsoleUtils.AppConsole.csproj", "{37641559-3E61-4C74-B75C-1F7DB59ECE24}"
EndProject
Project("{9A19103F-16F7-4668-BE54-9A1E7A4F7556}") = "Gardient.ConsoleUtils.Inquire", "Gardient.ConsoleUtils.Inquire\Gardient.ConsoleUtils.Inquire.csproj", "{507096AD-F580-499F-9B70-66E1653682C9}"
EndProject
Project("{FAE04EC0-301F-11D3-BF4B-00C04F79EFBC}") = "Gardient.ConsoleUtils.Inquire.Question", "Gardient.ConsoleUtils.Inquire.Question\Gardient.ConsoleUtils.Inquire.Question.csproj", "{E35393BC-D160-406F-B68E-6DDBEAC943E4}"
EndProject
Global
	GlobalSection(SolutionConfigurationPlatforms) = preSolution
		Debug|Any CPU = Debug|Any CPU
		Release|Any CPU = Release|Any CPU
	EndGlobalSection
	GlobalSection(ProjectConfigurationPlatforms) = postSolution
		{37641559-3E61-4C74-B75C-1F7DB59ECE24}.Debug|Any CPU.ActiveCfg = Debug|Any CPU
		{37641559-3E61-4C74-B75C-1F7DB59ECE24}.Debug|Any CPU.Build.0 = Debug|Any CPU
		{37641559-3E61-4C74-B75C-1F7DB59ECE24}.Release|Any CPU.ActiveCfg = Release|Any CPU
		{37641559-3E61-4C74-B75C-1F7DB59ECE24}.Release|Any CPU.Build.0 = Release|Any CPU
		{507096AD-F580-499F-9B70-66E1653682C9}.Debug|Any CPU.ActiveCfg = Debug|Any CPU
		{507096AD-F580-499F-9B70-66E1653682C9}.Debug|Any CPU.Build.0 = Debug|Any CPU
		{507096AD-F580-499F-9B70-66E1653682C9}.Release|Any CPU.ActiveCfg = Release|Any CPU
		{507096AD-F580-499F-9B70-66E1653682C9}.Release|Any CPU.Build.0 = Release|Any CPU
		{E35393BC-D160-406F-B68E-6DDBEAC943E4}.Debug|Any CPU.ActiveCfg = Debug|Any CPU
		{E35393BC-D160-406F-B68E-6DDBEAC943E4}.Debug|Any CPU.Build.0 = Debug|Any CPU
		{E35393BC-D160-406F-B68E-6DDBEAC943E4}.Release|Any CPU.ActiveCfg = Release|Any CPU
		{E35393BC-D160-406F-B68E-6DDBEAC943E4}.Release|Any CPU.Build.0 = Release|Any CPU
	EndGlobalSection
	GlobalSection(SolutionProperties) = preSolution
		HideSolutionNode = FALSE
	EndGlobalSection
	GlobalSection(ExtensibilityGlobals) = postSolution
		SolutionGuid = {D4A31B85-7020-4DB0-9E93-BA9A9ED237F0}
	EndGlobalSection
EndGlobal
